
Microsoft Visual Studio Solution File, Format Version 12.00
# Visual Studio Version 17
VisualStudioVersion = 17.6.33723.286
MinimumVisualStudioVersion = 10.0.40219.1
Project("{FAE04EC0-301F-11D3-BF4B-00C04F79EFBC}") = "UtageConverter", "UtageConverter\UtageConverter.csproj", "{DAC0F4A3-54D7-4616-89D8-DE47B90E5D09}"
EndProject
Global
	GlobalSection(SolutionConfigurationPlatforms) = preSolution
		Debug|Any CPU = Debug|Any CPU
		Release|Any CPU = Release|Any CPU
	EndGlobalSection
	GlobalSection(ProjectConfigurationPlatforms) = postSolution
		{DAC0F4A3-54D7-4616-89D8-DE47B90E5D09}.Debug|Any CPU.ActiveCfg = Debug|Any CPU
		{DAC0F4A3-54D7-4616-89D8-DE47B90E5D09}.Debug|Any CPU.Build.0 = Debug|Any CPU
		{DAC0F4A3-54D7-4616-89D8-DE47B90E5D09}.Release|Any CPU.ActiveCfg = Release|Any CPU
		{DAC0F4A3-54D7-4616-89D8-DE47B90E5D09}.Release|Any CPU.Build.0 = Release|Any CPU
	EndGlobalSection
	GlobalSection(SolutionProperties) = preSolution
		HideSolutionNode = FALSE
	EndGlobalSection
	GlobalSection(ExtensibilityGlobals) = postSolution
		SolutionGuid = {C0471125-7432-4982-9308-3DE48CF457CC}
	EndGlobalSection
EndGlobal
